// !$*UTF8*$!
{
	archiveVersion = 1;
	classes = {
	};
	objectVersion = 56;
	objects = {

/* Begin PBXBuildFile section */
		9689E68A2B4EF14700DF3E05 /* githubApp.swift in Sources */ = {isa = PBXBuildFile; fileRef = 9689E6892B4EF14700DF3E05 /* githubApp.swift */; };
		9689E68C2B4EF14700DF3E05 /* ContentView.swift in Sources */ = {isa = PBXBuildFile; fileRef = 9689E68B2B4EF14700DF3E05 /* ContentView.swift */; };
		9689E68E2B4EF14800DF3E05 /* Assets.xcassets in Resources */ = {isa = PBXBuildFile; fileRef = 9689E68D2B4EF14800DF3E05 /* Assets.xcassets */; };
		9689E6912B4EF14800DF3E05 /* Preview Assets.xcassets in Resources */ = {isa = PBXBuildFile; fileRef = 9689E6902B4EF14800DF3E05 /* Preview Assets.xcassets */; };
		9689E69B2B4EF14800DF3E05 /* githubTests.swift in Sources */ = {isa = PBXBuildFile; fileRef = 9689E69A2B4EF14800DF3E05 /* githubTests.swift */; };
		9689E6A52B4EF14800DF3E05 /* githubUITests.swift in Sources */ = {isa = PBXBuildFile; fileRef = 9689E6A42B4EF14800DF3E05 /* githubUITests.swift */; };
		9689E6A72B4EF14800DF3E05 /* githubUITestsLaunchTests.swift in Sources */ = {isa = PBXBuildFile; fileRef = 9689E6A62B4EF14800DF3E05 /* githubUITestsLaunchTests.swift */; };
/* End PBXBuildFile section */

/* Begin PBXContainerItemProxy section */
		9689E6972B4EF14800DF3E05 /* PBXContainerItemProxy */ = {
			isa = PBXContainerItemProxy;
			containerPortal = 9689E67E2B4EF14700DF3E05 /* Project object */;
			proxyType = 1;
			remoteGlobalIDString = 9689E6852B4EF14700DF3E05;
			remoteInfo = github;
		};
		9689E6A12B4EF14800DF3E05 /* PBXContainerItemProxy */ = {
			isa = PBXContainerItemProxy;
			containerPortal = 9689E67E2B4EF14700DF3E05 /* Project object */;
			proxyType = 1;
			remoteGlobalIDString = 9689E6852B4EF14700DF3E05;
			remoteInfo = github;
		};
/* End PBXContainerItemProxy section */

/* Begin PBXFileReference section */
		9689E6862B4EF14700DF3E05 /* github.app */ = {isa = PBXFileReference; explicitFileType = wrapper.application; includeInIndex = 0; path = github.app; sourceTree = BUILT_PRODUCTS_DIR; };
		9689E6892B4EF14700DF3E05 /* githubApp.swift */ = {isa = PBXFileReference; lastKnownFileType = sourcecode.swift; path = githubApp.swift; sourceTree = "<group>"; };
		9689E68B2B4EF14700DF3E05 /* ContentView.swift */ = {isa = PBXFileReference; lastKnownFileType = sourcecode.swift; path = ContentView.swift; sourceTree = "<group>"; };
		9689E68D2B4EF14800DF3E05 /* Assets.xcassets */ = {isa = PBXFileReference; lastKnownFileType = folder.assetcatalog; path = Assets.xcassets; sourceTree = "<group>"; };
		9689E6902B4EF14800DF3E05 /* Preview Assets.xcassets */ = {isa = PBXFileReference; lastKnownFileType = folder.assetcatalog; path = "Preview Assets.xcassets"; sourceTree = "<group>"; };
		9689E6962B4EF14800DF3E05 /* githubTests.xctest */ = {isa = PBXFileReference; explicitFileType = wrapper.cfbundle; includeInIndex = 0; path = githubTests.xctest; sourceTree = BUILT_PRODUCTS_DIR; };
		9689E69A2B4EF14800DF3E05 /* githubTests.swift */ = {isa = PBXFileReference; lastKnownFileType = sourcecode.swift; path = githubTests.swift; sourceTree = "<group>"; };
		9689E6A02B4EF14800DF3E05 /* githubUITests.xctest */ = {isa = PBXFileReference; explicitFileType = wrapper.cfbundle; includeInIndex = 0; path = githubUITests.xctest; sourceTree = BUILT_PRODUCTS_DIR; };
		9689E6A42B4EF14800DF3E05 /* githubUITests.swift */ = {isa = PBXFileReference; lastKnownFileType = sourcecode.swift; path = githubUITests.swift; sourceTree = "<group>"; };
		9689E6A62B4EF14800DF3E05 /* githubUITestsLaunchTests.swift */ = {isa = PBXFileReference; lastKnownFileType = sourcecode.swift; path = githubUITestsLaunchTests.swift; sourceTree = "<group>"; };
/* End PBXFileReference section */

/* Begin PBXFrameworksBuildPhase section */
		9689E6832B4EF14700DF3E05 /* Frameworks */ = {
			isa = PBXFrameworksBuildPhase;
			buildActionMask = 2147483647;
			files = (
			);
			runOnlyForDeploymentPostprocessing = 0;
		};
		9689E6932B4EF14800DF3E05 /* Frameworks */ = {
			isa = PBXFrameworksBuildPhase;
			buildActionMask = 2147483647;
			files = (
			);
			runOnlyForDeploymentPostprocessing = 0;
		};
		9689E69D2B4EF14800DF3E05 /* Frameworks */ = {
			isa = PBXFrameworksBuildPhase;
			buildActionMask = 2147483647;
			files = (
			);
			runOnlyForDeploymentPostprocessing = 0;
		};
/* End PBXFrameworksBuildPhase section */

/* Begin PBXGroup section */
		9689E67D2B4EF14700DF3E05 = {
			isa = PBXGroup;
			children = (
				9689E6882B4EF14700DF3E05 /* github */,
				9689E6992B4EF14800DF3E05 /* githubTests */,
				9689E6A32B4EF14800DF3E05 /* githubUITests */,
				9689E6872B4EF14700DF3E05 /* Products */,
			);
			sourceTree = "<group>";
		};
		9689E6872B4EF14700DF3E05 /* Products */ = {
			isa = PBXGroup;
			children = (
				9689E6862B4EF14700DF3E05 /* github.app */,
				9689E6962B4EF14800DF3E05 /* githubTests.xctest */,
				9689E6A02B4EF14800DF3E05 /* githubUITests.xctest */,
			);
			name = Products;
			sourceTree = "<group>";
		};
		9689E6882B4EF14700DF3E05 /* github */ = {
			isa = PBXGroup;
			children = (
				9689E6892B4EF14700DF3E05 /* githubApp.swift */,
				9689E68B2B4EF14700DF3E05 /* ContentView.swift */,
				9689E68D2B4EF14800DF3E05 /* Assets.xcassets */,
				9689E68F2B4EF14800DF3E05 /* Preview Content */,
			);
			path = github;
			sourceTree = "<group>";
		};
		9689E68F2B4EF14800DF3E05 /* Preview Content */ = {
			isa = PBXGroup;
			children = (
				9689E6902B4EF14800DF3E05 /* Preview Assets.xcassets */,
			);
			path = "Preview Content";
			sourceTree = "<group>";
		};
		9689E6992B4EF14800DF3E05 /* githubTests */ = {
			isa = PBXGroup;
			children = (
				9689E69A2B4EF14800DF3E05 /* githubTests.swift */,
			);
			path = githubTests;
			sourceTree = "<group>";
		};
		9689E6A32B4EF14800DF3E05 /* githubUITests */ = {
			isa = PBXGroup;
			children = (
				9689E6A42B4EF14800DF3E05 /* githubUITests.swift */,
				9689E6A62B4EF14800DF3E05 /* githubUITestsLaunchTests.swift */,
			);
			path = githubUITests;
			sourceTree = "<group>";
		};
/* End PBXGroup section */

/* Begin PBXNativeTarget section */
		9689E6852B4EF14700DF3E05 /* github */ = {
			isa = PBXNativeTarget;
			buildConfigurationList = 9689E6AA2B4EF14800DF3E05 /* Build configuration list for PBXNativeTarget "github" */;
			buildPhases = (
				9689E6822B4EF14700DF3E05 /* Sources */,
				9689E6832B4EF14700DF3E05 /* Frameworks */,
				9689E6842B4EF14700DF3E05 /* Resources */,
			);
			buildRules = (
			);
			dependencies = (
			);
			name = github;
			productName = github;
			productReference = 9689E6862B4EF14700DF3E05 /* github.app */;
			productType = "com.apple.product-type.application";
		};
		9689E6952B4EF14800DF3E05 /* githubTests */ = {
			isa = PBXNativeTarget;
			buildConfigurationList = 9689E6AD2B4EF14800DF3E05 /* Build configuration list for PBXNativeTarget "githubTests" */;
			buildPhases = (
				9689E6922B4EF14800DF3E05 /* Sources */,
				9689E6932B4EF14800DF3E05 /* Frameworks */,
				9689E6942B4EF14800DF3E05 /* Resources */,
			);
			buildRules = (
			);
			dependencies = (
				9689E6982B4EF14800DF3E05 /* PBXTargetDependency */,
			);
			name = githubTests;
			productName = githubTests;
			productReference = 9689E6962B4EF14800DF3E05 /* githubTests.xctest */;
			productType = "com.apple.product-type.bundle.unit-test";
		};
		9689E69F2B4EF14800DF3E05 /* githubUITests */ = {
			isa = PBXNativeTarget;
			buildConfigurationList = 9689E6B02B4EF14800DF3E05 /* Build configuration list for PBXNativeTarget "githubUITests" */;
			buildPhases = (
				9689E69C2B4EF14800DF3E05 /* Sources */,
				9689E69D2B4EF14800DF3E05 /* Frameworks */,
				9689E69E2B4EF14800DF3E05 /* Resources */,
			);
			buildRules = (
			);
			dependencies = (
				9689E6A22B4EF14800DF3E05 /* PBXTargetDependency */,
			);
			name = githubUITests;
			productName = githubUITests;
			productReference = 9689E6A02B4EF14800DF3E05 /* githubUITests.xctest */;
			productType = "com.apple.product-type.bundle.ui-testing";
		};
/* End PBXNativeTarget section */

/* Begin PBXProject section */
		9689E67E2B4EF14700DF3E05 /* Project object */ = {
			isa = PBXProject;
			attributes = {
				BuildIndependentTargetsInParallel = 1;
				LastSwiftUpdateCheck = 1520;
				LastUpgradeCheck = 1520;
				TargetAttributes = {
					9689E6852B4EF14700DF3E05 = {
						CreatedOnToolsVersion = 15.2;
					};
					9689E6952B4EF14800DF3E05 = {
						CreatedOnToolsVersion = 15.2;
						TestTargetID = 9689E6852B4EF14700DF3E05;
					};
					9689E69F2B4EF14800DF3E05 = {
						CreatedOnToolsVersion = 15.2;
						TestTargetID = 9689E6852B4EF14700DF3E05;
					};
				};
			};
			buildConfigurationList = 9689E6812B4EF14700DF3E05 /* Build configuration list for PBXProject "github" */;
			compatibilityVersion = "Xcode 14.0";
			developmentRegion = en;
			hasScannedForEncodings = 0;
			knownRegions = (
				en,
				Base,
			);
			mainGroup = 9689E67D2B4EF14700DF3E05;
			productRefGroup = 9689E6872B4EF14700DF3E05 /* Products */;
			projectDirPath = "";
			projectRoot = "";
			targets = (
				9689E6852B4EF14700DF3E05 /* github */,
				9689E6952B4EF14800DF3E05 /* githubTests */,
				9689E69F2B4EF14800DF3E05 /* githubUITests */,
			);
		};
/* End PBXProject section */

/* Begin PBXResourcesBuildPhase section */
		9689E6842B4EF14700DF3E05 /* Resources */ = {
			isa = PBXResourcesBuildPhase;
			buildActionMask = 2147483647;
			files = (
				9689E6912B4EF14800DF3E05 /* Preview Assets.xcassets in Resources */,
				9689E68E2B4EF14800DF3E05 /* Assets.xcassets in Resources */,
			);
			runOnlyForDeploymentPostprocessing = 0;
		};
		9689E6942B4EF14800DF3E05 /* Resources */ = {
			isa = PBXResourcesBuildPhase;
			buildActionMask = 2147483647;
			files = (
			);
			runOnlyForDeploymentPostprocessing = 0;
		};
		9689E69E2B4EF14800DF3E05 /* Resources */ = {
			isa = PBXResourcesBuildPhase;
			buildActionMask = 2147483647;
			files = (
			);
			runOnlyForDeploymentPostprocessing = 0;
		};
/* End PBXResourcesBuildPhase section */

/* Begin PBXSourcesBuildPhase section */
		9689E6822B4EF14700DF3E05 /* Sources */ = {
			isa = PBXSourcesBuildPhase;
			buildActionMask = 2147483647;
			files = (
				9689E68C2B4EF14700DF3E05 /* ContentView.swift in Sources */,
				9689E68A2B4EF14700DF3E05 /* githubApp.swift in Sources */,
			);
			runOnlyForDeploymentPostprocessing = 0;
		};
		9689E6922B4EF14800DF3E05 /* Sources */ = {
			isa = PBXSourcesBuildPhase;
			buildActionMask = 2147483647;
			files = (
				9689E69B2B4EF14800DF3E05 /* githubTests.swift in Sources */,
			);
			runOnlyForDeploymentPostprocessing = 0;
		};
		9689E69C2B4EF14800DF3E05 /* Sources */ = {
			isa = PBXSourcesBuildPhase;
			buildActionMask = 2147483647;
			files = (
				9689E6A52B4EF14800DF3E05 /* githubUITests.swift in Sources */,
				9689E6A72B4EF14800DF3E05 /* githubUITestsLaunchTests.swift in Sources */,
			);
			runOnlyForDeploymentPostprocessing = 0;
		};
/* End PBXSourcesBuildPhase section */

/* Begin PBXTargetDependency section */
		9689E6982B4EF14800DF3E05 /* PBXTargetDependency */ = {
			isa = PBXTargetDependency;
			target = 9689E6852B4EF14700DF3E05 /* github */;
			targetProxy = 9689E6972B4EF14800DF3E05 /* PBXContainerItemProxy */;
		};
		9689E6A22B4EF14800DF3E05 /* PBXTargetDependency */ = {
			isa = PBXTargetDependency;
			target = 9689E6852B4EF14700DF3E05 /* github */;
			targetProxy = 9689E6A12B4EF14800DF3E05 /* PBXContainerItemProxy */;
		};
/* End PBXTargetDependency section */

/* Begin XCBuildConfiguration section */
		9689E6A82B4EF14800DF3E05 /* Debug */ = {
			isa = XCBuildConfiguration;
			buildSettings = {
				ALWAYS_SEARCH_USER_PATHS = NO;
				ASSETCATALOG_COMPILER_GENERATE_SWIFT_ASSET_SYMBOL_EXTENSIONS = YES;
				CLANG_ANALYZER_NONNULL = YES;
				CLANG_ANALYZER_NUMBER_OBJECT_CONVERSION = YES_AGGRESSIVE;
				CLANG_CXX_LANGUAGE_STANDARD = "gnu++20";
				CLANG_ENABLE_MODULES = YES;
				CLANG_ENABLE_OBJC_ARC = YES;
				CLANG_ENABLE_OBJC_WEAK = YES;
				CLANG_WARN_BLOCK_CAPTURE_AUTORELEASING = YES;
				CLANG_WARN_BOOL_CONVERSION = YES;
				CLANG_WARN_COMMA = YES;
				CLANG_WARN_CONSTANT_CONVERSION = YES;
				CLANG_WARN_DEPRECATED_OBJC_IMPLEMENTATIONS = YES;
				CLANG_WARN_DIRECT_OBJC_ISA_USAGE = YES_ERROR;
				CLANG_WARN_DOCUMENTATION_COMMENTS = YES;
				CLANG_WARN_EMPTY_BODY = YES;
				CLANG_WARN_ENUM_CONVERSION = YES;
				CLANG_WARN_INFINITE_RECURSION = YES;
				CLANG_WARN_INT_CONVERSION = YES;
				CLANG_WARN_NON_LITERAL_NULL_CONVERSION = YES;
				CLANG_WARN_OBJC_IMPLICIT_RETAIN_SELF = YES;
				CLANG_WARN_OBJC_LITERAL_CONVERSION = YES;
				CLANG_WARN_OBJC_ROOT_CLASS = YES_ERROR;
				CLANG_WARN_QUOTED_INCLUDE_IN_FRAMEWORK_HEADER = YES;
				CLANG_WARN_RANGE_LOOP_ANALYSIS = YES;
				CLANG_WARN_STRICT_PROTOTYPES = YES;
				CLANG_WARN_SUSPICIOUS_MOVE = YES;
				CLANG_WARN_UNGUARDED_AVAILABILITY = YES_AGGRESSIVE;
				CLANG_WARN_UNREACHABLE_CODE = YES;
				CLANG_WARN__DUPLICATE_METHOD_MATCH = YES;
				COPY_PHASE_STRIP = NO;
				DEBUG_INFORMATION_FORMAT = dwarf;
				ENABLE_STRICT_OBJC_MSGSEND = YES;
				ENABLE_TESTABILITY = YES;
				ENABLE_USER_SCRIPT_SANDBOXING = YES;
				GCC_C_LANGUAGE_STANDARD = gnu17;
				GCC_DYNAMIC_NO_PIC = NO;
				GCC_NO_COMMON_BLOCKS = YES;
				GCC_OPTIMIZATION_LEVEL = 0;
				GCC_PREPROCESSOR_DEFINITIONS = (
					"DEBUG=1",
					"$(inherited)",
				);
				GCC_WARN_64_TO_32_BIT_CONVERSION = YES;
				GCC_WARN_ABOUT_RETURN_TYPE = YES_ERROR;
				GCC_WARN_UNDECLARED_SELECTOR = YES;
				GCC_WARN_UNINITIALIZED_AUTOS = YES_AGGRESSIVE;
				GCC_WARN_UNUSED_FUNCTION = YES;
				GCC_WARN_UNUSED_VARIABLE = YES;
				IPHONEOS_DEPLOYMENT_TARGET = 17.2;
				LOCALIZATION_PREFERS_STRING_CATALOGS = YES;
				MTL_ENABLE_DEBUG_INFO = INCLUDE_SOURCE;
				MTL_FAST_MATH = YES;
				ONLY_ACTIVE_ARCH = YES;
				SDKROOT = iphoneos;
				SWIFT_ACTIVE_COMPILATION_CONDITIONS = "DEBUG $(inherited)";
				SWIFT_OPTIMIZATION_LEVEL = "-Onone";
			};
			name = Debug;
		};
		9689E6A92B4EF14800DF3E05 /* Release */ = {
			isa = XCBuildConfiguration;
			buildSettings = {
				ALWAYS_SEARCH_USER_PATHS = NO;
				ASSETCATALOG_COMPILER_GENERATE_SWIFT_ASSET_SYMBOL_EXTENSIONS = YES;
				CLANG_ANALYZER_NONNULL = YES;
				CLANG_ANALYZER_NUMBER_OBJECT_CONVERSION = YES_AGGRESSIVE;
				CLANG_CXX_LANGUAGE_STANDARD = "gnu++20";
				CLANG_ENABLE_MODULES = YES;
				CLANG_ENABLE_OBJC_ARC = YES;
				CLANG_ENABLE_OBJC_WEAK = YES;
				CLANG_WARN_BLOCK_CAPTURE_AUTORELEASING = YES;
				CLANG_WARN_BOOL_CONVERSION = YES;
				CLANG_WARN_COMMA = YES;
				CLANG_WARN_CONSTANT_CONVERSION = YES;
				CLANG_WARN_DEPRECATED_OBJC_IMPLEMENTATIONS = YES;
				CLANG_WARN_DIRECT_OBJC_ISA_USAGE = YES_ERROR;
				CLANG_WARN_DOCUMENTATION_COMMENTS = YES;
				CLANG_WARN_EMPTY_BODY = YES;
				CLANG_WARN_ENUM_CONVERSION = YES;
				CLANG_WARN_INFINITE_RECURSION = YES;
				CLANG_WARN_INT_CONVERSION = YES;
				CLANG_WARN_NON_LITERAL_NULL_CONVERSION = YES;
				CLANG_WARN_OBJC_IMPLICIT_RETAIN_SELF = YES;
				CLANG_WARN_OBJC_LITERAL_CONVERSION = YES;
				CLANG_WARN_OBJC_ROOT_CLASS = YES_ERROR;
				CLANG_WARN_QUOTED_INCLUDE_IN_FRAMEWORK_HEADER = YES;
				CLANG_WARN_RANGE_LOOP_ANALYSIS = YES;
				CLANG_WARN_STRICT_PROTOTYPES = YES;
				CLANG_WARN_SUSPICIOUS_MOVE = YES;
				CLANG_WARN_UNGUARDED_AVAILABILITY = YES_AGGRESSIVE;
				CLANG_WARN_UNREACHABLE_CODE = YES;
				CLANG_WARN__DUPLICATE_METHOD_MATCH = YES;
				COPY_PHASE_STRIP = NO;
				DEBUG_INFORMATION_FORMAT = "dwarf-with-dsym";
				ENABLE_NS_ASSERTIONS = NO;
				ENABLE_STRICT_OBJC_MSGSEND = YES;
				ENABLE_USER_SCRIPT_SANDBOXING = YES;
				GCC_C_LANGUAGE_STANDARD = gnu17;
				GCC_NO_COMMON_BLOCKS = YES;
				GCC_WARN_64_TO_32_BIT_CONVERSION = YES;
				GCC_WARN_ABOUT_RETURN_TYPE = YES_ERROR;
				GCC_WARN_UNDECLARED_SELECTOR = YES;
				GCC_WARN_UNINITIALIZED_AUTOS = YES_AGGRESSIVE;
				GCC_WARN_UNUSED_FUNCTION = YES;
				GCC_WARN_UNUSED_VARIABLE = YES;
				IPHONEOS_DEPLOYMENT_TARGET = 17.2;
				LOCALIZATION_PREFERS_STRING_CATALOGS = YES;
				MTL_ENABLE_DEBUG_INFO = NO;
				MTL_FAST_MATH = YES;
				SDKROOT = iphoneos;
				SWIFT_COMPILATION_MODE = wholemodule;
				VALIDATE_PRODUCT = YES;
			};
			name = Release;
		};
		9689E6AB2B4EF14800DF3E05 /* Debug */ = {
			isa = XCBuildConfiguration;
			buildSettings = {
				ASSETCATALOG_COMPILER_APPICON_NAME = AppIcon;
				ASSETCATALOG_COMPILER_GLOBAL_ACCENT_COLOR_NAME = AccentColor;
				CODE_SIGN_STYLE = Automatic;
				CURRENT_PROJECT_VERSION = 1;
				DEVELOPMENT_ASSET_PATHS = "\"github/Preview Content\"";
				DEVELOPMENT_TEAM = ALU4NUJKWP;
				ENABLE_PREVIEWS = YES;
				GENERATE_INFOPLIST_FILE = YES;
				INFOPLIST_KEY_UIApplicationSceneManifest_Generation = YES;
				INFOPLIST_KEY_UIApplicationSupportsIndirectInputEvents = YES;
				INFOPLIST_KEY_UILaunchScreen_Generation = YES;
				INFOPLIST_KEY_UISupportedInterfaceOrientations_iPad = "UIInterfaceOrientationPortrait UIInterfaceOrientationPortraitUpsideDown UIInterfaceOrientationLandscapeLeft UIInterfaceOrientationLandscapeRight";
				INFOPLIST_KEY_UISupportedInterfaceOrientations_iPhone = "UIInterfaceOrientationPortrait UIInterfaceOrientationLandscapeLeft UIInterfaceOrientationLandscapeRight";
				LD_RUNPATH_SEARCH_PATHS = (
					"$(inherited)",
					"@executable_path/Frameworks",
				);
				MARKETING_VERSION = 1.0;
				PRODUCT_BUNDLE_IDENTIFIER = edu.gvsu.cis.github;
				PRODUCT_NAME = "$(TARGET_NAME)";
				SWIFT_EMIT_LOC_STRINGS = YES;
				SWIFT_VERSION = 5.0;
				TARGETED_DEVICE_FAMILY = "1,2";
			};
			name = Debug;
		};
		9689E6AC2B4EF14800DF3E05 /* Release */ = {
			isa = XCBuildConfiguration;
			buildSettings = {
				ASSETCATALOG_COMPILER_APPICON_NAME = AppIcon;
				ASSETCATALOG_COMPILER_GLOBAL_ACCENT_COLOR_NAME = AccentColor;
				CODE_SIGN_STYLE = Automatic;
				CURRENT_PROJECT_VERSION = 1;
				DEVELOPMENT_ASSET_PATHS = "\"github/Preview Content\"";
				DEVELOPMENT_TEAM = ALU4NUJKWP;
				ENABLE_PREVIEWS = YES;
				GENERATE_INFOPLIST_FILE = YES;
				INFOPLIST_KEY_UIApplicationSceneManifest_Generation = YES;
				INFOPLIST_KEY_UIApplicationSupportsIndirectInputEvents = YES;
				INFOPLIST_KEY_UILaunchScreen_Generation = YES;
				INFOPLIST_KEY_UISupportedInterfaceOrientations_iPad = "UIInterfaceOrientationPortrait UIInterfaceOrientationPortraitUpsideDown UIInterfaceOrientationLandscapeLeft UIInterfaceOrientationLandscapeRight";
				INFOPLIST_KEY_UISupportedInterfaceOrientations_iPhone = "UIInterfaceOrientationPortrait UIInterfaceOrientationLandscapeLeft UIInterfaceOrientationLandscapeRight";
				LD_RUNPATH_SEARCH_PATHS = (
					"$(inherited)",
					"@executable_path/Frameworks",
				);
				MARKETING_VERSION = 1.0;
				PRODUCT_BUNDLE_IDENTIFIER = edu.gvsu.cis.github;
				PRODUCT_NAME = "$(TARGET_NAME)";
				SWIFT_EMIT_LOC_STRINGS = YES;
				SWIFT_VERSION = 5.0;
				TARGETED_DEVICE_FAMILY = "1,2";
			};
			name = Release;
		};
		9689E6AE2B4EF14800DF3E05 /* Debug */ = {
			isa = XCBuildConfiguration;
			buildSettings = {
				ALWAYS_EMBED_SWIFT_STANDARD_LIBRARIES = YES;
				BUNDLE_LOADER = "$(TEST_HOST)";
				CODE_SIGN_STYLE = Automatic;
				CURRENT_PROJECT_VERSION = 1;
				DEVELOPMENT_TEAM = ALU4NUJKWP;
				GENERATE_INFOPLIST_FILE = YES;
				IPHONEOS_DEPLOYMENT_TARGET = 17.2;
				MARKETING_VERSION = 1.0;
				PRODUCT_BUNDLE_IDENTIFIER = edu.gvsu.cis.githubTests;
				PRODUCT_NAME = "$(TARGET_NAME)";
				SWIFT_EMIT_LOC_STRINGS = NO;
				SWIFT_VERSION = 5.0;
				TARGETED_DEVICE_FAMILY = "1,2";
				TEST_HOST = "$(BUILT_PRODUCTS_DIR)/github.app/$(BUNDLE_EXECUTABLE_FOLDER_PATH)/github";
			};
			name = Debug;
		};
		9689E6AF2B4EF14800DF3E05 /* Release */ = {
			isa = XCBuildConfiguration;
			buildSettings = {
				ALWAYS_EMBED_SWIFT_STANDARD_LIBRARIES = YES;
				BUNDLE_LOADER = "$(TEST_HOST)";
				CODE_SIGN_STYLE = Automatic;
				CURRENT_PROJECT_VERSION = 1;
				DEVELOPMENT_TEAM = ALU4NUJKWP;
				GENERATE_INFOPLIST_FILE = YES;
				IPHONEOS_DEPLOYMENT_TARGET = 17.2;
				MARKETING_VERSION = 1.0;
				PRODUCT_BUNDLE_IDENTIFIER = edu.gvsu.cis.githubTests;
				PRODUCT_NAME = "$(TARGET_NAME)";
				SWIFT_EMIT_LOC_STRINGS = NO;
				SWIFT_VERSION = 5.0;
				TARGETED_DEVICE_FAMILY = "1,2";
				TEST_HOST = "$(BUILT_PRODUCTS_DIR)/github.app/$(BUNDLE_EXECUTABLE_FOLDER_PATH)/github";
			};
			name = Release;
		};
		9689E6B12B4EF14800DF3E05 /* Debug */ = {
			isa = XCBuildConfiguration;
			buildSettings = {
				ALWAYS_EMBED_SWIFT_STANDARD_LIBRARIES = YES;
				CODE_SIGN_STYLE = Automatic;
				CURRENT_PROJECT_VERSION = 1;
				DEVELOPMENT_TEAM = ALU4NUJKWP;
				GENERATE_INFOPLIST_FILE = YES;
				MARKETING_VERSION = 1.0;
				PRODUCT_BUNDLE_IDENTIFIER = edu.gvsu.cis.githubUITests;
				PRODUCT_NAME = "$(TARGET_NAME)";
				SWIFT_EMIT_LOC_STRINGS = NO;
				SWIFT_VERSION = 5.0;
				TARGETED_DEVICE_FAMILY = "1,2";
				TEST_TARGET_NAME = github;
			};
			name = Debug;
		};
		9689E6B22B4EF14800DF3E05 /* Release */ = {
			isa = XCBuildConfiguration;
			buildSettings = {
				ALWAYS_EMBED_SWIFT_STANDARD_LIBRARIES = YES;
				CODE_SIGN_STYLE = Automatic;
				CURRENT_PROJECT_VERSION = 1;
				DEVELOPMENT_TEAM = ALU4NUJKWP;
				GENERATE_INFOPLIST_FILE = YES;
				MARKETING_VERSION = 1.0;
				PRODUCT_BUNDLE_IDENTIFIER = edu.gvsu.cis.githubUITests;
				PRODUCT_NAME = "$(TARGET_NAME)";
				SWIFT_EMIT_LOC_STRINGS = NO;
				SWIFT_VERSION = 5.0;
				TARGETED_DEVICE_FAMILY = "1,2";
				TEST_TARGET_NAME = github;
			};
			name = Release;
		};
/* End XCBuildConfiguration section */

/* Begin XCConfigurationList section */
		9689E6812B4EF14700DF3E05 /* Build configuration list for PBXProject "github" */ = {
			isa = XCConfigurationList;
			buildConfigurations = (
				9689E6A82B4EF14800DF3E05 /* Debug */,
				9689E6A92B4EF14800DF3E05 /* Release */,
			);
			defaultConfigurationIsVisible = 0;
			defaultConfigurationName = Release;
		};
		9689E6AA2B4EF14800DF3E05 /* Build configuration list for PBXNativeTarget "github" */ = {
			isa = XCConfigurationList;
			buildConfigurations = (
				9689E6AB2B4EF14800DF3E05 /* Debug */,
				9689E6AC2B4EF14800DF3E05 /* Release */,
			);
			defaultConfigurationIsVisible = 0;
			defaultConfigurationName = Release;
		};
		9689E6AD2B4EF14800DF3E05 /* Build configuration list for PBXNativeTarget "githubTests" */ = {
			isa = XCConfigurationList;
			buildConfigurations = (
				9689E6AE2B4EF14800DF3E05 /* Debug */,
				9689E6AF2B4EF14800DF3E05 /* Release */,
			);
			defaultConfigurationIsVisible = 0;
			defaultConfigurationName = Release;
		};
		9689E6B02B4EF14800DF3E05 /* Build configuration list for PBXNativeTarget "githubUITests" */ = {
			isa = XCConfigurationList;
			buildConfigurations = (
				9689E6B12B4EF14800DF3E05 /* Debug */,
				9689E6B22B4EF14800DF3E05 /* Release */,
			);
			defaultConfigurationIsVisible = 0;
			defaultConfigurationName = Release;
		};
/* End XCConfigurationList section */
	};
	rootObject = 9689E67E2B4EF14700DF3E05 /* Project object */;
}
